
Microsoft Visual Studio Solution File, Format Version 12.00
# Visual Studio Version 17
VisualStudioVersion = 17.5.33627.172
MinimumVisualStudioVersion = 10.0.40219.1
Project("{FAE04EC0-301F-11D3-BF4B-00C04F79EFBC}") = "Hackthissite_programming_1_Ilves", "Hackthissite_programming_1_Ilves.csproj", "{6578F450-BB76-4221-893D-E6F50529D2AB}"
EndProject
Global
	GlobalSection(SolutionConfigurationPlatforms) = preSolution
		Debug|Any CPU = Debug|Any CPU
		Release|Any CPU = Release|Any CPU
	EndGlobalSection
	GlobalSection(ProjectConfigurationPlatforms) = postSolution
		{6578F450-BB76-4221-893D-E6F50529D2AB}.Debug|Any CPU.ActiveCfg = Debug|Any CPU
		{6578F450-BB76-4221-893D-E6F50529D2AB}.Debug|Any CPU.Build.0 = Debug|Any CPU
		{6578F450-BB76-4221-893D-E6F50529D2AB}.Release|Any CPU.ActiveCfg = Release|Any CPU
		{6578F450-BB76-4221-893D-E6F50529D2AB}.Release|Any CPU.Build.0 = Release|Any CPU
	EndGlobalSection
	GlobalSection(SolutionProperties) = preSolution
		HideSolutionNode = FALSE
	EndGlobalSection
	GlobalSection(ExtensibilityGlobals) = postSolution
		SolutionGuid = {EE5E73EB-CF74-492A-A492-F512D77593F3}
	EndGlobalSection
EndGlobal
